// !$*UTF8*$!
{
	archiveVersion = 1;
	classes = {
	};
	objectVersion = 56;
	objects = {

/* Begin PBXBuildFile section */
		EF25AF342969F5E900EAA303 /* Stack.swift in Sources */ = {isa = PBXBuildFile; fileRef = EF25AF332969F5E900EAA303 /* Stack.swift */; };
		EF25AF362969F73100EAA303 /* StackTests.swift in Sources */ = {isa = PBXBuildFile; fileRef = EF25AF352969F73100EAA303 /* StackTests.swift */; };
		EF8481F229689B4C00DCA6A6 /* AppDelegate.swift in Sources */ = {isa = PBXBuildFile; fileRef = EF8481F129689B4C00DCA6A6 /* AppDelegate.swift */; };
		EF8481F429689B4C00DCA6A6 /* SceneDelegate.swift in Sources */ = {isa = PBXBuildFile; fileRef = EF8481F329689B4C00DCA6A6 /* SceneDelegate.swift */; };
		EF8481F629689B4C00DCA6A6 /* ViewController.swift in Sources */ = {isa = PBXBuildFile; fileRef = EF8481F529689B4C00DCA6A6 /* ViewController.swift */; };
		EF8481F929689B4C00DCA6A6 /* Main.storyboard in Resources */ = {isa = PBXBuildFile; fileRef = EF8481F729689B4C00DCA6A6 /* Main.storyboard */; };
		EF8481FB29689B4E00DCA6A6 /* Assets.xcassets in Resources */ = {isa = PBXBuildFile; fileRef = EF8481FA29689B4E00DCA6A6 /* Assets.xcassets */; };
		EF8481FE29689B4E00DCA6A6 /* LaunchScreen.storyboard in Resources */ = {isa = PBXBuildFile; fileRef = EF8481FC29689B4E00DCA6A6 /* LaunchScreen.storyboard */; };
		EF84820629689B7100DCA6A6 /* DynamicArray.swift in Sources */ = {isa = PBXBuildFile; fileRef = EF84820529689B7100DCA6A6 /* DynamicArray.swift */; };
		EFA0E76D2969708700DE96DD /* DynamicArrayTests.swift in Sources */ = {isa = PBXBuildFile; fileRef = EFA0E76C2969708700DE96DD /* DynamicArrayTests.swift */; };
/* End PBXBuildFile section */

/* Begin PBXContainerItemProxy section */
		EFA0E76E2969708700DE96DD /* PBXContainerItemProxy */ = {
			isa = PBXContainerItemProxy;
			containerPortal = EF8481E629689B4C00DCA6A6 /* Project object */;
			proxyType = 1;
			remoteGlobalIDString = EF8481ED29689B4C00DCA6A6;
			remoteInfo = DSAPrep;
		};
/* End PBXContainerItemProxy section */

/* Begin PBXFileReference section */
		EF25AF332969F5E900EAA303 /* Stack.swift */ = {isa = PBXFileReference; lastKnownFileType = sourcecode.swift; path = Stack.swift; sourceTree = "<group>"; };
		EF25AF352969F73100EAA303 /* StackTests.swift */ = {isa = PBXFileReference; lastKnownFileType = sourcecode.swift; path = StackTests.swift; sourceTree = "<group>"; };
		EF8481EE29689B4C00DCA6A6 /* DSAPrep.app */ = {isa = PBXFileReference; explicitFileType = wrapper.application; includeInIndex = 0; path = DSAPrep.app; sourceTree = BUILT_PRODUCTS_DIR; };
		EF8481F129689B4C00DCA6A6 /* AppDelegate.swift */ = {isa = PBXFileReference; lastKnownFileType = sourcecode.swift; path = AppDelegate.swift; sourceTree = "<group>"; };
		EF8481F329689B4C00DCA6A6 /* SceneDelegate.swift */ = {isa = PBXFileReference; lastKnownFileType = sourcecode.swift; path = SceneDelegate.swift; sourceTree = "<group>"; };
		EF8481F529689B4C00DCA6A6 /* ViewController.swift */ = {isa = PBXFileReference; lastKnownFileType = sourcecode.swift; path = ViewController.swift; sourceTree = "<group>"; };
		EF8481F829689B4C00DCA6A6 /* Base */ = {isa = PBXFileReference; lastKnownFileType = file.storyboard; name = Base; path = Base.lproj/Main.storyboard; sourceTree = "<group>"; };
		EF8481FA29689B4E00DCA6A6 /* Assets.xcassets */ = {isa = PBXFileReference; lastKnownFileType = folder.assetcatalog; path = Assets.xcassets; sourceTree = "<group>"; };
		EF8481FD29689B4E00DCA6A6 /* Base */ = {isa = PBXFileReference; lastKnownFileType = file.storyboard; name = Base; path = Base.lproj/LaunchScreen.storyboard; sourceTree = "<group>"; };
		EF8481FF29689B4E00DCA6A6 /* Info.plist */ = {isa = PBXFileReference; lastKnownFileType = text.plist.xml; path = Info.plist; sourceTree = "<group>"; };
		EF84820529689B7100DCA6A6 /* DynamicArray.swift */ = {isa = PBXFileReference; lastKnownFileType = sourcecode.swift; path = DynamicArray.swift; sourceTree = "<group>"; };
		EFA0E76A2969708700DE96DD /* DSAPrepTests.xctest */ = {isa = PBXFileReference; explicitFileType = wrapper.cfbundle; includeInIndex = 0; path = DSAPrepTests.xctest; sourceTree = BUILT_PRODUCTS_DIR; };
		EFA0E76C2969708700DE96DD /* DynamicArrayTests.swift */ = {isa = PBXFileReference; lastKnownFileType = sourcecode.swift; path = DynamicArrayTests.swift; sourceTree = "<group>"; };
/* End PBXFileReference section */

/* Begin PBXFrameworksBuildPhase section */
		EF8481EB29689B4C00DCA6A6 /* Frameworks */ = {
			isa = PBXFrameworksBuildPhase;
			buildActionMask = 2147483647;
			files = (
			);
			runOnlyForDeploymentPostprocessing = 0;
		};
		EFA0E7672969708700DE96DD /* Frameworks */ = {
			isa = PBXFrameworksBuildPhase;
			buildActionMask = 2147483647;
			files = (
			);
			runOnlyForDeploymentPostprocessing = 0;
		};
/* End PBXFrameworksBuildPhase section */

/* Begin PBXGroup section */
		EF8481E529689B4C00DCA6A6 = {
			isa = PBXGroup;
			children = (
				EF8481F029689B4C00DCA6A6 /* DSAPrep */,
				EFA0E76B2969708700DE96DD /* DSAPrepTests */,
				EF8481EF29689B4C00DCA6A6 /* Products */,
			);
			sourceTree = "<group>";
		};
		EF8481EF29689B4C00DCA6A6 /* Products */ = {
			isa = PBXGroup;
			children = (
				EF8481EE29689B4C00DCA6A6 /* DSAPrep.app */,
				EFA0E76A2969708700DE96DD /* DSAPrepTests.xctest */,
			);
			name = Products;
			sourceTree = "<group>";
		};
		EF8481F029689B4C00DCA6A6 /* DSAPrep */ = {
			isa = PBXGroup;
			children = (
				EF84820829689B8400DCA6A6 /* DataStructures */,
				EF8481F129689B4C00DCA6A6 /* AppDelegate.swift */,
				EF8481F329689B4C00DCA6A6 /* SceneDelegate.swift */,
				EF8481F529689B4C00DCA6A6 /* ViewController.swift */,
				EF8481F729689B4C00DCA6A6 /* Main.storyboard */,
				EF8481FA29689B4E00DCA6A6 /* Assets.xcassets */,
				EF8481FC29689B4E00DCA6A6 /* LaunchScreen.storyboard */,
				EF8481FF29689B4E00DCA6A6 /* Info.plist */,
			);
			path = DSAPrep;
			sourceTree = "<group>";
		};
		EF84820829689B8400DCA6A6 /* DataStructures */ = {
			isa = PBXGroup;
			children = (
				EF84820529689B7100DCA6A6 /* DynamicArray.swift */,
				EF25AF332969F5E900EAA303 /* Stack.swift */,
			);
			path = DataStructures;
			sourceTree = "<group>";
		};
		EFA0E76B2969708700DE96DD /* DSAPrepTests */ = {
			isa = PBXGroup;
			children = (
				EFA0E76C2969708700DE96DD /* DynamicArrayTests.swift */,
				EF25AF352969F73100EAA303 /* StackTests.swift */,
			);
			path = DSAPrepTests;
			sourceTree = "<group>";
		};
/* End PBXGroup section */

/* Begin PBXNativeTarget section */
		EF8481ED29689B4C00DCA6A6 /* DSAPrep */ = {
			isa = PBXNativeTarget;
			buildConfigurationList = EF84820229689B4E00DCA6A6 /* Build configuration list for PBXNativeTarget "DSAPrep" */;
			buildPhases = (
				EF8481EA29689B4C00DCA6A6 /* Sources */,
				EF8481EB29689B4C00DCA6A6 /* Frameworks */,
				EF8481EC29689B4C00DCA6A6 /* Resources */,
			);
			buildRules = (
			);
			dependencies = (
			);
			name = DSAPrep;
			productName = DSAPrep;
			productReference = EF8481EE29689B4C00DCA6A6 /* DSAPrep.app */;
			productType = "com.apple.product-type.application";
		};
		EFA0E7692969708700DE96DD /* DSAPrepTests */ = {
			isa = PBXNativeTarget;
			buildConfigurationList = EFA0E7702969708700DE96DD /* Build configuration list for PBXNativeTarget "DSAPrepTests" */;
			buildPhases = (
				EFA0E7662969708700DE96DD /* Sources */,
				EFA0E7672969708700DE96DD /* Frameworks */,
				EFA0E7682969708700DE96DD /* Resources */,
			);
			buildRules = (
			);
			dependencies = (
				EFA0E76F2969708700DE96DD /* PBXTargetDependency */,
			);
			name = DSAPrepTests;
			productName = DSAPrepTests;
			productReference = EFA0E76A2969708700DE96DD /* DSAPrepTests.xctest */;
			productType = "com.apple.product-type.bundle.unit-test";
		};
/* End PBXNativeTarget section */

/* Begin PBXProject section */
		EF8481E629689B4C00DCA6A6 /* Project object */ = {
			isa = PBXProject;
			attributes = {
				BuildIndependentTargetsInParallel = 1;
				LastSwiftUpdateCheck = 1400;
				LastUpgradeCheck = 1400;
				TargetAttributes = {
					EF8481ED29689B4C00DCA6A6 = {
						CreatedOnToolsVersion = 14.0;
					};
					EFA0E7692969708700DE96DD = {
						CreatedOnToolsVersion = 14.0;
						TestTargetID = EF8481ED29689B4C00DCA6A6;
					};
				};
			};
			buildConfigurationList = EF8481E929689B4C00DCA6A6 /* Build configuration list for PBXProject "DSAPrep" */;
			compatibilityVersion = "Xcode 14.0";
			developmentRegion = en;
			hasScannedForEncodings = 0;
			knownRegions = (
				en,
				Base,
			);
			mainGroup = EF8481E529689B4C00DCA6A6;
			productRefGroup = EF8481EF29689B4C00DCA6A6 /* Products */;
			projectDirPath = "";
			projectRoot = "";
			targets = (
				EF8481ED29689B4C00DCA6A6 /* DSAPrep */,
				EFA0E7692969708700DE96DD /* DSAPrepTests */,
			);
		};
/* End PBXProject section */

/* Begin PBXResourcesBuildPhase section */
		EF8481EC29689B4C00DCA6A6 /* Resources */ = {
			isa = PBXResourcesBuildPhase;
			buildActionMask = 2147483647;
			files = (
				EF8481FE29689B4E00DCA6A6 /* LaunchScreen.storyboard in Resources */,
				EF8481FB29689B4E00DCA6A6 /* Assets.xcassets in Resources */,
				EF8481F929689B4C00DCA6A6 /* Main.storyboard in Resources */,
			);
			runOnlyForDeploymentPostprocessing = 0;
		};
		EFA0E7682969708700DE96DD /* Resources */ = {
			isa = PBXResourcesBuildPhase;
			buildActionMask = 2147483647;
			files = (
			);
			runOnlyForDeploymentPostprocessing = 0;
		};
/* End PBXResourcesBuildPhase section */

/* Begin PBXSourcesBuildPhase section */
		EF8481EA29689B4C00DCA6A6 /* Sources */ = {
			isa = PBXSourcesBuildPhase;
			buildActionMask = 2147483647;
			files = (
				EF8481F629689B4C00DCA6A6 /* ViewController.swift in Sources */,
				EF25AF342969F5E900EAA303 /* Stack.swift in Sources */,
				EF84820629689B7100DCA6A6 /* DynamicArray.swift in Sources */,
				EF8481F229689B4C00DCA6A6 /* AppDelegate.swift in Sources */,
				EF8481F429689B4C00DCA6A6 /* SceneDelegate.swift in Sources */,
			);
			runOnlyForDeploymentPostprocessing = 0;
		};
		EFA0E7662969708700DE96DD /* Sources */ = {
			isa = PBXSourcesBuildPhase;
			buildActionMask = 2147483647;
			files = (
				EF25AF362969F73100EAA303 /* StackTests.swift in Sources */,
				EFA0E76D2969708700DE96DD /* DynamicArrayTests.swift in Sources */,
			);
			runOnlyForDeploymentPostprocessing = 0;
		};
/* End PBXSourcesBuildPhase section */

/* Begin PBXTargetDependency section */
		EFA0E76F2969708700DE96DD /* PBXTargetDependency */ = {
			isa = PBXTargetDependency;
			target = EF8481ED29689B4C00DCA6A6 /* DSAPrep */;
			targetProxy = EFA0E76E2969708700DE96DD /* PBXContainerItemProxy */;
		};
/* End PBXTargetDependency section */

/* Begin PBXVariantGroup section */
		EF8481F729689B4C00DCA6A6 /* Main.storyboard */ = {
			isa = PBXVariantGroup;
			children = (
				EF8481F829689B4C00DCA6A6 /* Base */,
			);
			name = Main.storyboard;
			sourceTree = "<group>";
		};
		EF8481FC29689B4E00DCA6A6 /* LaunchScreen.storyboard */ = {
			isa = PBXVariantGroup;
			children = (
				EF8481FD29689B4E00DCA6A6 /* Base */,
			);
			name = LaunchScreen.storyboard;
			sourceTree = "<group>";
		};
/* End PBXVariantGroup section */

/* Begin XCBuildConfiguration section */
		EF84820029689B4E00DCA6A6 /* Debug */ = {
			isa = XCBuildConfiguration;
			buildSettings = {
				ALWAYS_SEARCH_USER_PATHS = NO;
				CLANG_ANALYZER_NONNULL = YES;
				CLANG_ANALYZER_NUMBER_OBJECT_CONVERSION = YES_AGGRESSIVE;
				CLANG_CXX_LANGUAGE_STANDARD = "gnu++20";
				CLANG_ENABLE_MODULES = YES;
				CLANG_ENABLE_OBJC_ARC = YES;
				CLANG_ENABLE_OBJC_WEAK = YES;
				CLANG_WARN_BLOCK_CAPTURE_AUTORELEASING = YES;
				CLANG_WARN_BOOL_CONVERSION = YES;
				CLANG_WARN_COMMA = YES;
				CLANG_WARN_CONSTANT_CONVERSION = YES;
				CLANG_WARN_DEPRECATED_OBJC_IMPLEMENTATIONS = YES;
				CLANG_WARN_DIRECT_OBJC_ISA_USAGE = YES_ERROR;
				CLANG_WARN_DOCUMENTATION_COMMENTS = YES;
				CLANG_WARN_EMPTY_BODY = YES;
				CLANG_WARN_ENUM_CONVERSION = YES;
				CLANG_WARN_INFINITE_RECURSION = YES;
				CLANG_WARN_INT_CONVERSION = YES;
				CLANG_WARN_NON_LITERAL_NULL_CONVERSION = YES;
				CLANG_WARN_OBJC_IMPLICIT_RETAIN_SELF = YES;
				CLANG_WARN_OBJC_LITERAL_CONVERSION = YES;
				CLANG_WARN_OBJC_ROOT_CLASS = YES_ERROR;
				CLANG_WARN_QUOTED_INCLUDE_IN_FRAMEWORK_HEADER = YES;
				CLANG_WARN_RANGE_LOOP_ANALYSIS = YES;
				CLANG_WARN_STRICT_PROTOTYPES = YES;
				CLANG_WARN_SUSPICIOUS_MOVE = YES;
				CLANG_WARN_UNGUARDED_AVAILABILITY = YES_AGGRESSIVE;
				CLANG_WARN_UNREACHABLE_CODE = YES;
				CLANG_WARN__DUPLICATE_METHOD_MATCH = YES;
				COPY_PHASE_STRIP = NO;
				DEBUG_INFORMATION_FORMAT = dwarf;
				ENABLE_STRICT_OBJC_MSGSEND = YES;
				ENABLE_TESTABILITY = YES;
				GCC_C_LANGUAGE_STANDARD = gnu11;
				GCC_DYNAMIC_NO_PIC = NO;
				GCC_NO_COMMON_BLOCKS = YES;
				GCC_OPTIMIZATION_LEVEL = 0;
				GCC_PREPROCESSOR_DEFINITIONS = (
					"DEBUG=1",
					"$(inherited)",
				);
				GCC_WARN_64_TO_32_BIT_CONVERSION = YES;
				GCC_WARN_ABOUT_RETURN_TYPE = YES_ERROR;
				GCC_WARN_UNDECLARED_SELECTOR = YES;
				GCC_WARN_UNINITIALIZED_AUTOS = YES_AGGRESSIVE;
				GCC_WARN_UNUSED_FUNCTION = YES;
				GCC_WARN_UNUSED_VARIABLE = YES;
				IPHONEOS_DEPLOYMENT_TARGET = 16.0;
				MTL_ENABLE_DEBUG_INFO = INCLUDE_SOURCE;
				MTL_FAST_MATH = YES;
				ONLY_ACTIVE_ARCH = YES;
				SDKROOT = iphoneos;
				SWIFT_ACTIVE_COMPILATION_CONDITIONS = DEBUG;
				SWIFT_OPTIMIZATION_LEVEL = "-Onone";
			};
			name = Debug;
		};
		EF84820129689B4E00DCA6A6 /* Release */ = {
			isa = XCBuildConfiguration;
			buildSettings = {
				ALWAYS_SEARCH_USER_PATHS = NO;
				CLANG_ANALYZER_NONNULL = YES;
				CLANG_ANALYZER_NUMBER_OBJECT_CONVERSION = YES_AGGRESSIVE;
				CLANG_CXX_LANGUAGE_STANDARD = "gnu++20";
				CLANG_ENABLE_MODULES = YES;
				CLANG_ENABLE_OBJC_ARC = YES;
				CLANG_ENABLE_OBJC_WEAK = YES;
				CLANG_WARN_BLOCK_CAPTURE_AUTORELEASING = YES;
				CLANG_WARN_BOOL_CONVERSION = YES;
				CLANG_WARN_COMMA = YES;
				CLANG_WARN_CONSTANT_CONVERSION = YES;
				CLANG_WARN_DEPRECATED_OBJC_IMPLEMENTATIONS = YES;
				CLANG_WARN_DIRECT_OBJC_ISA_USAGE = YES_ERROR;
				CLANG_WARN_DOCUMENTATION_COMMENTS = YES;
				CLANG_WARN_EMPTY_BODY = YES;
				CLANG_WARN_ENUM_CONVERSION = YES;
				CLANG_WARN_INFINITE_RECURSION = YES;
				CLANG_WARN_INT_CONVERSION = YES;
				CLANG_WARN_NON_LITERAL_NULL_CONVERSION = YES;
				CLANG_WARN_OBJC_IMPLICIT_RETAIN_SELF = YES;
				CLANG_WARN_OBJC_LITERAL_CONVERSION = YES;
				CLANG_WARN_OBJC_ROOT_CLASS = YES_ERROR;
				CLANG_WARN_QUOTED_INCLUDE_IN_FRAMEWORK_HEADER = YES;
				CLANG_WARN_RANGE_LOOP_ANALYSIS = YES;
				CLANG_WARN_STRICT_PROTOTYPES = YES;
				CLANG_WARN_SUSPICIOUS_MOVE = YES;
				CLANG_WARN_UNGUARDED_AVAILABILITY = YES_AGGRESSIVE;
				CLANG_WARN_UNREACHABLE_CODE = YES;
				CLANG_WARN__DUPLICATE_METHOD_MATCH = YES;
				COPY_PHASE_STRIP = NO;
				DEBUG_INFORMATION_FORMAT = "dwarf-with-dsym";
				ENABLE_NS_ASSERTIONS = NO;
				ENABLE_STRICT_OBJC_MSGSEND = YES;
				GCC_C_LANGUAGE_STANDARD = gnu11;
				GCC_NO_COMMON_BLOCKS = YES;
				GCC_WARN_64_TO_32_BIT_CONVERSION = YES;
				GCC_WARN_ABOUT_RETURN_TYPE = YES_ERROR;
				GCC_WARN_UNDECLARED_SELECTOR = YES;
				GCC_WARN_UNINITIALIZED_AUTOS = YES_AGGRESSIVE;
				GCC_WARN_UNUSED_FUNCTION = YES;
				GCC_WARN_UNUSED_VARIABLE = YES;
				IPHONEOS_DEPLOYMENT_TARGET = 16.0;
				MTL_ENABLE_DEBUG_INFO = NO;
				MTL_FAST_MATH = YES;
				SDKROOT = iphoneos;
				SWIFT_COMPILATION_MODE = wholemodule;
				SWIFT_OPTIMIZATION_LEVEL = "-O";
				VALIDATE_PRODUCT = YES;
			};
			name = Release;
		};
		EF84820329689B4E00DCA6A6 /* Debug */ = {
			isa = XCBuildConfiguration;
			buildSettings = {
				ASSETCATALOG_COMPILER_APPICON_NAME = AppIcon;
				ASSETCATALOG_COMPILER_GLOBAL_ACCENT_COLOR_NAME = AccentColor;
				CODE_SIGN_STYLE = Automatic;
				CURRENT_PROJECT_VERSION = 1;
				DEVELOPMENT_TEAM = AJ7MW2XDAX;
				GENERATE_INFOPLIST_FILE = YES;
				INFOPLIST_FILE = DSAPrep/Info.plist;
				INFOPLIST_KEY_UIApplicationSupportsIndirectInputEvents = YES;
				INFOPLIST_KEY_UILaunchStoryboardName = LaunchScreen;
				INFOPLIST_KEY_UIMainStoryboardFile = Main;
				INFOPLIST_KEY_UISupportedInterfaceOrientations_iPad = "UIInterfaceOrientationPortrait UIInterfaceOrientationPortraitUpsideDown UIInterfaceOrientationLandscapeLeft UIInterfaceOrientationLandscapeRight";
				INFOPLIST_KEY_UISupportedInterfaceOrientations_iPhone = "UIInterfaceOrientationPortrait UIInterfaceOrientationLandscapeLeft UIInterfaceOrientationLandscapeRight";
				LD_RUNPATH_SEARCH_PATHS = (
					"$(inherited)",
					"@executable_path/Frameworks",
				);
				MARKETING_VERSION = 1.0;
				PRODUCT_BUNDLE_IDENTIFIER = justme.DSAPrep;
				PRODUCT_NAME = "$(TARGET_NAME)";
				SWIFT_EMIT_LOC_STRINGS = YES;
				SWIFT_VERSION = 5.0;
				TARGETED_DEVICE_FAMILY = "1,2";
			};
			name = Debug;
		};
		EF84820429689B4E00DCA6A6 /* Release */ = {
			isa = XCBuildConfiguration;
			buildSettings = {
				ASSETCATALOG_COMPILER_APPICON_NAME = AppIcon;
				ASSETCATALOG_COMPILER_GLOBAL_ACCENT_COLOR_NAME = AccentColor;
				CODE_SIGN_STYLE = Automatic;
				CURRENT_PROJECT_VERSION = 1;
				DEVELOPMENT_TEAM = AJ7MW2XDAX;
				GENERATE_INFOPLIST_FILE = YES;
				INFOPLIST_FILE = DSAPrep/Info.plist;
				INFOPLIST_KEY_UIApplicationSupportsIndirectInputEvents = YES;
				INFOPLIST_KEY_UILaunchStoryboardName = LaunchScreen;
				INFOPLIST_KEY_UIMainStoryboardFile = Main;
				INFOPLIST_KEY_UISupportedInterfaceOrientations_iPad = "UIInterfaceOrientationPortrait UIInterfaceOrientationPortraitUpsideDown UIInterfaceOrientationLandscapeLeft UIInterfaceOrientationLandscapeRight";
				INFOPLIST_KEY_UISupportedInterfaceOrientations_iPhone = "UIInterfaceOrientationPortrait UIInterfaceOrientationLandscapeLeft UIInterfaceOrientationLandscapeRight";
				LD_RUNPATH_SEARCH_PATHS = (
					"$(inherited)",
					"@executable_path/Frameworks",
				);
				MARKETING_VERSION = 1.0;
				PRODUCT_BUNDLE_IDENTIFIER = justme.DSAPrep;
				PRODUCT_NAME = "$(TARGET_NAME)";
				SWIFT_EMIT_LOC_STRINGS = YES;
				SWIFT_VERSION = 5.0;
				TARGETED_DEVICE_FAMILY = "1,2";
			};
			name = Release;
		};
		EFA0E7712969708700DE96DD /* Debug */ = {
			isa = XCBuildConfiguration;
			buildSettings = {
				BUNDLE_LOADER = "$(TEST_HOST)";
				CODE_SIGN_STYLE = Automatic;
				CURRENT_PROJECT_VERSION = 1;
				DEVELOPMENT_TEAM = AJ7MW2XDAX;
				GENERATE_INFOPLIST_FILE = YES;
				MARKETING_VERSION = 1.0;
				PRODUCT_BUNDLE_IDENTIFIER = justme.DSAPrepTests;
				PRODUCT_NAME = "$(TARGET_NAME)";
				SWIFT_EMIT_LOC_STRINGS = NO;
				SWIFT_VERSION = 5.0;
				TARGETED_DEVICE_FAMILY = "1,2";
				TEST_HOST = "$(BUILT_PRODUCTS_DIR)/DSAPrep.app/$(BUNDLE_EXECUTABLE_FOLDER_PATH)/DSAPrep";
			};
			name = Debug;
		};
		EFA0E7722969708700DE96DD /* Release */ = {
			isa = XCBuildConfiguration;
			buildSettings = {
				BUNDLE_LOADER = "$(TEST_HOST)";
				CODE_SIGN_STYLE = Automatic;
				CURRENT_PROJECT_VERSION = 1;
				DEVELOPMENT_TEAM = AJ7MW2XDAX;
				GENERATE_INFOPLIST_FILE = YES;
				MARKETING_VERSION = 1.0;
				PRODUCT_BUNDLE_IDENTIFIER = justme.DSAPrepTests;
				PRODUCT_NAME = "$(TARGET_NAME)";
				SWIFT_EMIT_LOC_STRINGS = NO;
				SWIFT_VERSION = 5.0;
				TARGETED_DEVICE_FAMILY = "1,2";
				TEST_HOST = "$(BUILT_PRODUCTS_DIR)/DSAPrep.app/$(BUNDLE_EXECUTABLE_FOLDER_PATH)/DSAPrep";
			};
			name = Release;
		};
/* End XCBuildConfiguration section */

/* Begin XCConfigurationList section */
		EF8481E929689B4C00DCA6A6 /* Build configuration list for PBXProject "DSAPrep" */ = {
			isa = XCConfigurationList;
			buildConfigurations = (
				EF84820029689B4E00DCA6A6 /* Debug */,
				EF84820129689B4E00DCA6A6 /* Release */,
			);
			defaultConfigurationIsVisible = 0;
			defaultConfigurationName = Release;
		};
		EF84820229689B4E00DCA6A6 /* Build configuration list for PBXNativeTarget "DSAPrep" */ = {
			isa = XCConfigurationList;
			buildConfigurations = (
				EF84820329689B4E00DCA6A6 /* Debug */,
				EF84820429689B4E00DCA6A6 /* Release */,
			);
			defaultConfigurationIsVisible = 0;
			defaultConfigurationName = Release;
		};
		EFA0E7702969708700DE96DD /* Build configuration list for PBXNativeTarget "DSAPrepTests" */ = {
			isa = XCConfigurationList;
			buildConfigurations = (
				EFA0E7712969708700DE96DD /* Debug */,
				EFA0E7722969708700DE96DD /* Release */,
			);
			defaultConfigurationIsVisible = 0;
			defaultConfigurationName = Release;
		};
/* End XCConfigurationList section */
	};
	rootObject = EF8481E629689B4C00DCA6A6 /* Project object */;
}
